
Microsoft Visual Studio Solution File, Format Version 12.00
# Visual Studio Version 17
VisualStudioVersion = 17.3.32819.101
MinimumVisualStudioVersion = 10.0.40219.1
Project("{FAE04EC0-301F-11D3-BF4B-00C04F79EFBC}") = "Lab_02", "Lab_02\Lab_02.csproj", "{FADC3D5B-544E-4DA9-9213-CD85E906D1EF}"
EndProject
Global
	GlobalSection(SolutionConfigurationPlatforms) = preSolution
		Debug|Any CPU = Debug|Any CPU
		Release|Any CPU = Release|Any CPU
	EndGlobalSection
	GlobalSection(ProjectConfigurationPlatforms) = postSolution
		{FADC3D5B-544E-4DA9-9213-CD85E906D1EF}.Debug|Any CPU.ActiveCfg = Debug|Any CPU
		{FADC3D5B-544E-4DA9-9213-CD85E906D1EF}.Debug|Any CPU.Build.0 = Debug|Any CPU
		{FADC3D5B-544E-4DA9-9213-CD85E906D1EF}.Release|Any CPU.ActiveCfg = Release|Any CPU
		{FADC3D5B-544E-4DA9-9213-CD85E906D1EF}.Release|Any CPU.Build.0 = Release|Any CPU
	EndGlobalSection
	GlobalSection(SolutionProperties) = preSolution
		HideSolutionNode = FALSE
	EndGlobalSection
	GlobalSection(ExtensibilityGlobals) = postSolution
		SolutionGuid = {998A446C-BEFF-4E12-8E19-E99FD40A5E2E}
	EndGlobalSection
EndGlobal
